
Microsoft Visual Studio Solution File, Format Version 12.00
# Visual Studio 15
VisualStudioVersion = 15.0.27130.2036
MinimumVisualStudioVersion = 10.0.40219.1
Project("{FAE04EC0-301F-11D3-BF4B-00C04F79EFBC}") = "fileCrawlerWPF", "fileCrawlerWPF\fileCrawlerWPF.csproj", "{68AD77AB-3E1B-49BF-9609-AC895978E266}"
EndProject
Global
	GlobalSection(SolutionConfigurationPlatforms) = preSolution
		Debug|Any CPU = Debug|Any CPU
		Release|Any CPU = Release|Any CPU
	EndGlobalSection
	GlobalSection(ProjectConfigurationPlatforms) = postSolution
		{68AD77AB-3E1B-49BF-9609-AC895978E266}.Debug|Any CPU.ActiveCfg = Debug|Any CPU
		{68AD77AB-3E1B-49BF-9609-AC895978E266}.Debug|Any CPU.Build.0 = Debug|Any CPU
		{68AD77AB-3E1B-49BF-9609-AC895978E266}.Release|Any CPU.ActiveCfg = Release|Any CPU
		{68AD77AB-3E1B-49BF-9609-AC895978E266}.Release|Any CPU.Build.0 = Release|Any CPU
	EndGlobalSection
	GlobalSection(SolutionProperties) = preSolution
		HideSolutionNode = FALSE
	EndGlobalSection
	GlobalSection(ExtensibilityGlobals) = postSolution
		SolutionGuid = {E9EA8CFD-4FFB-481F-B00D-4F5DBD62E75D}
	EndGlobalSection
EndGlobal
